{
	"name": "emit-events-pv",
	"version": "0.0.0",
	"lockfileVersion": 2,
	"requires": true,
	"packages": {
		"": {
			"name": "emit-events-pv",
			"version": "0.0.0",
			"dependencies": {
				"petite-vue": "^0.3.0"
			},
			"devDependencies": {
				"@vue/reactivity": "^3.2.19",
				"typescript": "^4.3.2",
				"vite": "^2.6.0"
			}
		},
		"node_modules/@vue/reactivity": {
			"version": "3.2.19",
			"resolved": "https://registry.npmjs.org/@vue/reactivity/-/reactivity-3.2.19.tgz",
			"integrity": "sha512-FtachoYs2SnyrWup5UikP54xDX6ZJ1s5VgHcJp4rkGoutU3Ry61jhs+nCX7J64zjX992Mh9gGUC0LqTs8q9vCA==",
			"dev": true,
			"dependencies": {
				"@vue/shared": "3.2.19"
			}
		},
		"node_modules/@vue/shared": {
			"version": "3.2.19",
			"resolved": "https://registry.npmjs.org/@vue/shared/-/shared-3.2.19.tgz",
			"integrity": "sha512-Knqhx7WieLdVgwCAZgTVrDCXZ50uItuecLh9JdLC8O+a5ayaSyIQYveUK3hCRNC7ws5zalHmZwfdLMGaS8r4Ew==",
			"dev": true
		},
		"node_modules/esbuild": {
			"version": "0.13.3",
			"integrity": "sha512-98xovMLKnyhv3gcReUuAEi5Ig1rK6SIgvsJuBIcfwzqGSEHsV8UJjMlmkhHoHMf9XZybMpE9Zax8AA8f7i2hlQ==",
			"dev": true,
			"hasInstallScript": true,
			"bin": {
				"esbuild": "bin/esbuild"
			},
			"optionalDependencies": {
				"esbuild-android-arm64": "0.13.3",
				"esbuild-darwin-64": "0.13.3",
				"esbuild-darwin-arm64": "0.13.3",
				"esbuild-freebsd-64": "0.13.3",
				"esbuild-freebsd-arm64": "0.13.3",
				"esbuild-linux-32": "0.13.3",
				"esbuild-linux-64": "0.13.3",
				"esbuild-linux-arm": "0.13.3",
				"esbuild-linux-arm64": "0.13.3",
				"esbuild-linux-mips64le": "0.13.3",
				"esbuild-linux-ppc64le": "0.13.3",
				"esbuild-openbsd-64": "0.13.3",
				"esbuild-sunos-64": "0.13.3",
				"esbuild-windows-32": "0.13.3",
				"esbuild-windows-64": "0.13.3",
				"esbuild-windows-arm64": "0.13.3"
			}
		},
		"node_modules/esbuild-linux-64": {
			"version": "0.13.3",
			"integrity": "sha512-FJ1De2O89mrOuqtaEXu41qIYJU6R41F+OA6vheNwcAQcX8fu0aiA13FJeLABq29BYJuTVgRj3cyC8q+tz19/dQ==",
			"cpu": [
				"x64"
			],
			"dev": true,
			"optional": true,
			"os": [
				"linux"
			]
		},
		"node_modules/function-bind": {
			"version": "1.1.1",
			"integrity": "sha512-yIovAzMX49sF8Yl58fSCWJ5svSLuaibPxXQJFLmBObTuCr0Mf1KiPopGM9NiFjiYBCbfaa2Fh6breQ6ANVTI0A==",
			"dev": true
		},
		"node_modules/has": {
			"version": "1.0.3",
			"integrity": "sha512-f2dvO0VU6Oej7RkWJGrehjbzMAjFp5/VKPp5tTpWIV4JHHZK1/BxbFRtf/siA2SWTe09caDmVtYYzWEIbBS4zw==",
			"dev": true,
			"dependencies": {
				"function-bind": "^1.1.1"
			},
			"engines": {
				"node": ">= 0.4.0"
			}
		},
		"node_modules/is-core-module": {
			"version": "2.7.0",
			"integrity": "sha512-ByY+tjCciCr+9nLryBYcSD50EOGWt95c7tIsKTG1J2ixKKXPvF7Ej3AVd+UfDydAJom3biBGDBALaO79ktwgEQ==",
			"dev": true,
			"dependencies": {
				"has": "^1.0.3"
			},
			"funding": {
				"url": "https://github.com/sponsors/ljharb"
			}
		},
		"node_modules/nanocolors": {
			"version": "0.2.12",
			"integrity": "sha512-SFNdALvzW+rVlzqexid6epYdt8H9Zol7xDoQarioEFcFN0JHo4CYNztAxmtfgGTVRCmFlEOqqhBpoFGKqSAMug==",
			"dev": true
		},
		"node_modules/nanoid": {
			"version": "3.1.28",
			"integrity": "sha512-gSu9VZ2HtmoKYe/lmyPFES5nknFrHa+/DT9muUFWFMi6Jh9E1I7bkvlQ8xxf1Kos9pi9o8lBnIOkatMhKX/YUw==",
			"dev": true,
			"bin": {
				"nanoid": "bin/nanoid.cjs"
			},
			"engines": {
				"node": "^10 || ^12 || ^13.7 || ^14 || >=15.0.1"
			}
		},
		"node_modules/path-parse": {
			"version": "1.0.7",
			"integrity": "sha512-LDJzPVEEEPR+y48z93A0Ed0yXb8pAByGWo/k5YYdYgpY2/2EsOsksJrq7lOHxryrVOn1ejG6oAp8ahvOIQD8sw==",
			"dev": true
		},
		"node_modules/petite-vue": {
			"version": "0.3.0",
			"integrity": "sha512-W+2pI87ov641e3ImM2tsGyIx2SSztPPXzNTz4SKoT+9EdUASmGvtxWHg0UeeIUub/y3R383VzD4h4s4iqvEHTA=="
		},
		"node_modules/postcss": {
			"version": "8.3.8",
			"integrity": "sha512-GT5bTjjZnwDifajzczOC+r3FI3Cu+PgPvrsjhQdRqa2kTJ4968/X9CUce9xttIB0xOs5c6xf0TCWZo/y9lF6bA==",
			"dev": true,
			"dependencies": {
				"nanocolors": "^0.2.2",
				"nanoid": "^3.1.25",
				"source-map-js": "^0.6.2"
			},
			"engines": {
				"node": "^10 || ^12 || >=14"
			},
			"funding": {
				"type": "opencollective",
				"url": "https://opencollective.com/postcss/"
			}
		},
		"node_modules/resolve": {
			"version": "1.20.0",
			"integrity": "sha512-wENBPt4ySzg4ybFQW2TT1zMQucPK95HSh/nq2CFTZVOGut2+pQvSsgtda4d26YrYcr067wjbmzOG8byDPBX63A==",
			"dev": true,
			"dependencies": {
				"is-core-module": "^2.2.0",
				"path-parse": "^1.0.6"
			},
			"funding": {
				"url": "https://github.com/sponsors/ljharb"
			}
		},
		"node_modules/rollup": {
			"version": "2.58.0",
			"integrity": "sha512-NOXpusKnaRpbS7ZVSzcEXqxcLDOagN6iFS8p45RkoiMqPHDLwJm758UF05KlMoCRbLBTZsPOIa887gZJ1AiXvw==",
			"dev": true,
			"bin": {
				"rollup": "dist/bin/rollup"
			},
			"engines": {
				"node": ">=10.0.0"
			},
			"optionalDependencies": {
				"fsevents": "~2.3.2"
			}
		},
		"node_modules/source-map-js": {
			"version": "0.6.2",
			"integrity": "sha512-/3GptzWzu0+0MBQFrDKzw/DvvMTUORvgY6k6jd/VS6iCR4RDTKWH6v6WPwQoUO8667uQEf9Oe38DxAYWY5F/Ug==",
			"dev": true,
			"engines": {
				"node": ">=0.10.0"
			}
		},
		"node_modules/typescript": {
			"version": "4.4.3",
			"integrity": "sha512-4xfscpisVgqqDfPaJo5vkd+Qd/ItkoagnHpufr+i2QCHBsNYp+G7UAoyFl8aPtx879u38wPV65rZ8qbGZijalA==",
			"dev": true,
			"bin": {
				"tsc": "bin/tsc",
				"tsserver": "bin/tsserver"
			},
			"engines": {
				"node": ">=4.2.0"
			}
		},
		"node_modules/vite": {
			"version": "2.6.2",
			"integrity": "sha512-HSIg9U15LOnbD3CUxX364Pdrm7DUjftuBljowGxvkFHgDZU/SKPqApg9t86MX/Qq1VCO7wS+mGJHlfuTF7c0Sg==",
			"dev": true,
			"dependencies": {
				"esbuild": "^0.13.2",
				"postcss": "^8.3.8",
				"resolve": "^1.20.0",
				"rollup": "^2.57.0"
			},
			"bin": {
				"vite": "bin/vite.js"
			},
			"engines": {
				"node": ">=12.2.0"
			},
			"optionalDependencies": {
				"fsevents": "~2.3.2"
			},
			"peerDependencies": {
				"less": "*",
				"sass": "*",
				"stylus": "*"
			},
			"peerDependenciesMeta": {
				"less": {
					"optional": true
				},
				"sass": {
					"optional": true
				},
				"stylus": {
					"optional": true
				}
			}
		}
	},
	"dependencies": {
		"@vue/reactivity": {
			"version": "3.2.19",
			"resolved": "https://registry.npmjs.org/@vue/reactivity/-/reactivity-3.2.19.tgz",
			"integrity": "sha512-FtachoYs2SnyrWup5UikP54xDX6ZJ1s5VgHcJp4rkGoutU3Ry61jhs+nCX7J64zjX992Mh9gGUC0LqTs8q9vCA==",
			"dev": true,
			"requires": {
				"@vue/shared": "3.2.19"
			}
		},
		"@vue/shared": {
			"version": "3.2.19",
			"resolved": "https://registry.npmjs.org/@vue/shared/-/shared-3.2.19.tgz",
			"integrity": "sha512-Knqhx7WieLdVgwCAZgTVrDCXZ50uItuecLh9JdLC8O+a5ayaSyIQYveUK3hCRNC7ws5zalHmZwfdLMGaS8r4Ew==",
			"dev": true
		},
		"esbuild": {
			"version": "0.13.3",
			"integrity": "sha512-98xovMLKnyhv3gcReUuAEi5Ig1rK6SIgvsJuBIcfwzqGSEHsV8UJjMlmkhHoHMf9XZybMpE9Zax8AA8f7i2hlQ==",
			"dev": true,
			"requires": {
				"esbuild-android-arm64": "0.13.3",
				"esbuild-darwin-64": "0.13.3",
				"esbuild-darwin-arm64": "0.13.3",
				"esbuild-freebsd-64": "0.13.3",
				"esbuild-freebsd-arm64": "0.13.3",
				"esbuild-linux-32": "0.13.3",
				"esbuild-linux-64": "0.13.3",
				"esbuild-linux-arm": "0.13.3",
				"esbuild-linux-arm64": "0.13.3",
				"esbuild-linux-mips64le": "0.13.3",
				"esbuild-linux-ppc64le": "0.13.3",
				"esbuild-openbsd-64": "0.13.3",
				"esbuild-sunos-64": "0.13.3",
				"esbuild-windows-32": "0.13.3",
				"esbuild-windows-64": "0.13.3",
				"esbuild-windows-arm64": "0.13.3"
			}
		},
		"esbuild-linux-64": {
			"version": "0.13.3",
			"integrity": "sha512-FJ1De2O89mrOuqtaEXu41qIYJU6R41F+OA6vheNwcAQcX8fu0aiA13FJeLABq29BYJuTVgRj3cyC8q+tz19/dQ==",
			"dev": true,
			"optional": true
		},
		"function-bind": {
			"version": "1.1.1",
			"integrity": "sha512-yIovAzMX49sF8Yl58fSCWJ5svSLuaibPxXQJFLmBObTuCr0Mf1KiPopGM9NiFjiYBCbfaa2Fh6breQ6ANVTI0A==",
			"dev": true
		},
		"has": {
			"version": "1.0.3",
			"integrity": "sha512-f2dvO0VU6Oej7RkWJGrehjbzMAjFp5/VKPp5tTpWIV4JHHZK1/BxbFRtf/siA2SWTe09caDmVtYYzWEIbBS4zw==",
			"dev": true,
			"requires": {
				"function-bind": "^1.1.1"
			}
		},
		"is-core-module": {
			"version": "2.7.0",
			"integrity": "sha512-ByY+tjCciCr+9nLryBYcSD50EOGWt95c7tIsKTG1J2ixKKXPvF7Ej3AVd+UfDydAJom3biBGDBALaO79ktwgEQ==",
			"dev": true,
			"requires": {
				"has": "^1.0.3"
			}
		},
		"nanocolors": {
			"version": "0.2.12",
			"integrity": "sha512-SFNdALvzW+rVlzqexid6epYdt8H9Zol7xDoQarioEFcFN0JHo4CYNztAxmtfgGTVRCmFlEOqqhBpoFGKqSAMug==",
			"dev": true
		},
		"nanoid": {
			"version": "3.1.28",
			"integrity": "sha512-gSu9VZ2HtmoKYe/lmyPFES5nknFrHa+/DT9muUFWFMi6Jh9E1I7bkvlQ8xxf1Kos9pi9o8lBnIOkatMhKX/YUw==",
			"dev": true
		},
		"path-parse": {
			"version": "1.0.7",
			"integrity": "sha512-LDJzPVEEEPR+y48z93A0Ed0yXb8pAByGWo/k5YYdYgpY2/2EsOsksJrq7lOHxryrVOn1ejG6oAp8ahvOIQD8sw==",
			"dev": true
		},
		"petite-vue": {
			"version": "0.3.0",
			"integrity": "sha512-W+2pI87ov641e3ImM2tsGyIx2SSztPPXzNTz4SKoT+9EdUASmGvtxWHg0UeeIUub/y3R383VzD4h4s4iqvEHTA=="
		},
		"postcss": {
			"version": "8.3.8",
			"integrity": "sha512-GT5bTjjZnwDifajzczOC+r3FI3Cu+PgPvrsjhQdRqa2kTJ4968/X9CUce9xttIB0xOs5c6xf0TCWZo/y9lF6bA==",
			"dev": true,
			"requires": {
				"nanocolors": "^0.2.2",
				"nanoid": "^3.1.25",
				"source-map-js": "^0.6.2"
			}
		},
		"resolve": {
			"version": "1.20.0",
			"integrity": "sha512-wENBPt4ySzg4ybFQW2TT1zMQucPK95HSh/nq2CFTZVOGut2+pQvSsgtda4d26YrYcr067wjbmzOG8byDPBX63A==",
			"dev": true,
			"requires": {
				"is-core-module": "^2.2.0",
				"path-parse": "^1.0.6"
			}
		},
		"rollup": {
			"version": "2.58.0",
			"integrity": "sha512-NOXpusKnaRpbS7ZVSzcEXqxcLDOagN6iFS8p45RkoiMqPHDLwJm758UF05KlMoCRbLBTZsPOIa887gZJ1AiXvw==",
			"dev": true,
			"requires": {
				"fsevents": "~2.3.2"
			}
		},
		"source-map-js": {
			"version": "0.6.2",
			"integrity": "sha512-/3GptzWzu0+0MBQFrDKzw/DvvMTUORvgY6k6jd/VS6iCR4RDTKWH6v6WPwQoUO8667uQEf9Oe38DxAYWY5F/Ug==",
			"dev": true
		},
		"typescript": {
			"version": "4.4.3",
			"integrity": "sha512-4xfscpisVgqqDfPaJo5vkd+Qd/ItkoagnHpufr+i2QCHBsNYp+G7UAoyFl8aPtx879u38wPV65rZ8qbGZijalA==",
			"dev": true
		},
		"vite": {
			"version": "2.6.2",
			"integrity": "sha512-HSIg9U15LOnbD3CUxX364Pdrm7DUjftuBljowGxvkFHgDZU/SKPqApg9t86MX/Qq1VCO7wS+mGJHlfuTF7c0Sg==",
			"dev": true,
			"requires": {
				"esbuild": "^0.13.2",
				"fsevents": "~2.3.2",
				"postcss": "^8.3.8",
				"resolve": "^1.20.0",
				"rollup": "^2.57.0"
			}
		}
	}
}
